
Microsoft Visual Studio Solution File, Format Version 12.00
# Visual Studio 15
VisualStudioVersion = 15.0.28307.779
MinimumVisualStudioVersion = 10.0.40219.1
Project("{888888A0-9F3D-457C-B088-3A5042F75D52}") = "PythonApplicationW3CraigFerguson", "PythonApplicationW3CraigFerguson\PythonApplicationW3CraigFerguson.pyproj", "{1676012B-D5E1-4D1E-BC71-960CA5FA756C}"
EndProject
Global
	GlobalSection(SolutionConfigurationPlatforms) = preSolution
		Debug|Any CPU = Debug|Any CPU
		Release|Any CPU = Release|Any CPU
	EndGlobalSection
	GlobalSection(ProjectConfigurationPlatforms) = postSolution
		{1676012B-D5E1-4D1E-BC71-960CA5FA756C}.Debug|Any CPU.ActiveCfg = Debug|Any CPU
		{1676012B-D5E1-4D1E-BC71-960CA5FA756C}.Release|Any CPU.ActiveCfg = Release|Any CPU
	EndGlobalSection
	GlobalSection(SolutionProperties) = preSolution
		HideSolutionNode = FALSE
	EndGlobalSection
	GlobalSection(ExtensibilityGlobals) = postSolution
		SolutionGuid = {458349E0-A103-44EA-A0B4-C96A447D69B1}
	EndGlobalSection
EndGlobal
